
Microsoft Visual Studio Solution File, Format Version 12.00
# Visual Studio Version 16
VisualStudioVersion = 16.0.29728.190
MinimumVisualStudioVersion = 10.0.40219.1
Project("{9A19103F-16F7-4668-BE54-9A1E7A4F7556}") = "CompositePattern", "CompositePattern\CompositePattern.csproj", "{AB2BD88D-937C-48F1-A9D8-D6FA73C7D8E3}"
EndProject
Project("{9A19103F-16F7-4668-BE54-9A1E7A4F7556}") = "AdapterPattern", "AdapterPattern\AdapterPattern.csproj", "{D66D98CC-D20E-4048-84EC-BEB38AC87A68}"
EndProject
Project("{9A19103F-16F7-4668-BE54-9A1E7A4F7556}") = "DecoratorPattern", "DecoratorPattern\DecoratorPattern.csproj", "{D552AC78-2BD0-4416-9E03-98AF54DD049F}"
EndProject
Project("{9A19103F-16F7-4668-BE54-9A1E7A4F7556}") = "FacadePattern", "FacadePattern\FacadePattern.csproj", "{EF60A032-5151-4965-AD6E-CFA3C4385C5A}"
EndProject
Project("{9A19103F-16F7-4668-BE54-9A1E7A4F7556}") = "FlyweightPattern", "FlyweightPattern\FlyweightPattern.csproj", "{E1472955-22EB-4168-9809-28FC83CA88EF}"
EndProject
Project("{9A19103F-16F7-4668-BE54-9A1E7A4F7556}") = "BridgePattern", "BridgePattern\BridgePattern.csproj", "{E004428A-3C91-4B5A-B6DC-34C876F7B643}"
EndProject
Project("{FAE04EC0-301F-11D3-BF4B-00C04F79EFBC}") = "ProxyPattern", "ProxyPattern\ProxyPattern.csproj", "{CE7EB822-CBB4-44C3-B39E-4D44054C5D5B}"
EndProject
Global
	GlobalSection(SolutionConfigurationPlatforms) = preSolution
		Debug|Any CPU = Debug|Any CPU
		Release|Any CPU = Release|Any CPU
	EndGlobalSection
	GlobalSection(ProjectConfigurationPlatforms) = postSolution
		{AB2BD88D-937C-48F1-A9D8-D6FA73C7D8E3}.Debug|Any CPU.ActiveCfg = Debug|Any CPU
		{AB2BD88D-937C-48F1-A9D8-D6FA73C7D8E3}.Debug|Any CPU.Build.0 = Debug|Any CPU
		{AB2BD88D-937C-48F1-A9D8-D6FA73C7D8E3}.Release|Any CPU.ActiveCfg = Release|Any CPU
		{AB2BD88D-937C-48F1-A9D8-D6FA73C7D8E3}.Release|Any CPU.Build.0 = Release|Any CPU
		{D66D98CC-D20E-4048-84EC-BEB38AC87A68}.Debug|Any CPU.ActiveCfg = Debug|Any CPU
		{D66D98CC-D20E-4048-84EC-BEB38AC87A68}.Debug|Any CPU.Build.0 = Debug|Any CPU
		{D66D98CC-D20E-4048-84EC-BEB38AC87A68}.Release|Any CPU.ActiveCfg = Release|Any CPU
		{D66D98CC-D20E-4048-84EC-BEB38AC87A68}.Release|Any CPU.Build.0 = Release|Any CPU
		{D552AC78-2BD0-4416-9E03-98AF54DD049F}.Debug|Any CPU.ActiveCfg = Debug|Any CPU
		{D552AC78-2BD0-4416-9E03-98AF54DD049F}.Debug|Any CPU.Build.0 = Debug|Any CPU
		{D552AC78-2BD0-4416-9E03-98AF54DD049F}.Release|Any CPU.ActiveCfg = Release|Any CPU
		{D552AC78-2BD0-4416-9E03-98AF54DD049F}.Release|Any CPU.Build.0 = Release|Any CPU
		{EF60A032-5151-4965-AD6E-CFA3C4385C5A}.Debug|Any CPU.ActiveCfg = Debug|Any CPU
		{EF60A032-5151-4965-AD6E-CFA3C4385C5A}.Debug|Any CPU.Build.0 = Debug|Any CPU
		{EF60A032-5151-4965-AD6E-CFA3C4385C5A}.Release|Any CPU.ActiveCfg = Release|Any CPU
		{EF60A032-5151-4965-AD6E-CFA3C4385C5A}.Release|Any CPU.Build.0 = Release|Any CPU
		{E1472955-22EB-4168-9809-28FC83CA88EF}.Debug|Any CPU.ActiveCfg = Debug|Any CPU
		{E1472955-22EB-4168-9809-28FC83CA88EF}.Debug|Any CPU.Build.0 = Debug|Any CPU
		{E1472955-22EB-4168-9809-28FC83CA88EF}.Release|Any CPU.ActiveCfg = Release|Any CPU
		{E1472955-22EB-4168-9809-28FC83CA88EF}.Release|Any CPU.Build.0 = Release|Any CPU
		{E004428A-3C91-4B5A-B6DC-34C876F7B643}.Debug|Any CPU.ActiveCfg = Debug|Any CPU
		{E004428A-3C91-4B5A-B6DC-34C876F7B643}.Debug|Any CPU.Build.0 = Debug|Any CPU
		{E004428A-3C91-4B5A-B6DC-34C876F7B643}.Release|Any CPU.ActiveCfg = Release|Any CPU
		{E004428A-3C91-4B5A-B6DC-34C876F7B643}.Release|Any CPU.Build.0 = Release|Any CPU
		{CE7EB822-CBB4-44C3-B39E-4D44054C5D5B}.Debug|Any CPU.ActiveCfg = Debug|Any CPU
		{CE7EB822-CBB4-44C3-B39E-4D44054C5D5B}.Debug|Any CPU.Build.0 = Debug|Any CPU
		{CE7EB822-CBB4-44C3-B39E-4D44054C5D5B}.Release|Any CPU.ActiveCfg = Release|Any CPU
		{CE7EB822-CBB4-44C3-B39E-4D44054C5D5B}.Release|Any CPU.Build.0 = Release|Any CPU
	EndGlobalSection
	GlobalSection(SolutionProperties) = preSolution
		HideSolutionNode = FALSE
	EndGlobalSection
	GlobalSection(ExtensibilityGlobals) = postSolution
		SolutionGuid = {8626FC91-4F6F-41DA-B836-DE20D56A24B0}
	EndGlobalSection
EndGlobal
